
Microsoft Visual Studio Solution File, Format Version 12.00
# Visual Studio Version 16
VisualStudioVersion = 16.0.30011.22
MinimumVisualStudioVersion = 10.0.40219.1
Project("{FAE04EC0-301F-11D3-BF4B-00C04F79EFBC}") = "CoderPro.Blog.Umb.Art1", "CoderPro.Blog.Umb.Art1\CoderPro.Blog.Umb.Art1.csproj", "{5EA9D56C-78D9-4428-89DB-C86E7C64E96F}"
EndProject
Project("{FAE04EC0-301F-11D3-BF4B-00C04F79EFBC}") = "USD.Umbraco.Article2.UI", "CoderPro.Blog.Umb.Art2\USD.Umbraco.Article2.UI.csproj", "{643F1BE7-73CD-473D-8991-876E3A242A40}"
EndProject
Global
	GlobalSection(SolutionConfigurationPlatforms) = preSolution
		Debug|Any CPU = Debug|Any CPU
		Release|Any CPU = Release|Any CPU
	EndGlobalSection
	GlobalSection(ProjectConfigurationPlatforms) = postSolution
		{5EA9D56C-78D9-4428-89DB-C86E7C64E96F}.Debug|Any CPU.ActiveCfg = Debug|Any CPU
		{5EA9D56C-78D9-4428-89DB-C86E7C64E96F}.Debug|Any CPU.Build.0 = Debug|Any CPU
		{5EA9D56C-78D9-4428-89DB-C86E7C64E96F}.Release|Any CPU.ActiveCfg = Release|Any CPU
		{5EA9D56C-78D9-4428-89DB-C86E7C64E96F}.Release|Any CPU.Build.0 = Release|Any CPU
		{643F1BE7-73CD-473D-8991-876E3A242A40}.Debug|Any CPU.ActiveCfg = Debug|Any CPU
		{643F1BE7-73CD-473D-8991-876E3A242A40}.Debug|Any CPU.Build.0 = Debug|Any CPU
		{643F1BE7-73CD-473D-8991-876E3A242A40}.Release|Any CPU.ActiveCfg = Release|Any CPU
		{643F1BE7-73CD-473D-8991-876E3A242A40}.Release|Any CPU.Build.0 = Release|Any CPU
	EndGlobalSection
	GlobalSection(SolutionProperties) = preSolution
		HideSolutionNode = FALSE
	EndGlobalSection
	GlobalSection(ExtensibilityGlobals) = postSolution
		SolutionGuid = {2FF89F30-883E-41CD-A19A-A26845A3709F}
	EndGlobalSection
EndGlobal
