
Microsoft Visual Studio Solution File, Format Version 12.00
# Visual Studio Version 16
VisualStudioVersion = 16.0.30011.22
MinimumVisualStudioVersion = 10.0.40219.1
Project("{FAE04EC0-301F-11D3-BF4B-00C04F79EFBC}") = "CoderPro.Blog.Umb.Art1", "CoderPro.Blog.Umb.Art1\CoderPro.Blog.Umb.Art1.csproj", "{5EA9D56C-78D9-4428-89DB-C86E7C64E96F}"
EndProject
Project("{2150E333-8FDC-42A3-9474-1A3956D46DE8}") = "Solution Items", "Solution Items", "{8006337C-E56A-4046-B75F-875850955D8F}"
EndProject
Project("{FAE04EC0-301F-11D3-BF4B-00C04F79EFBC}") = "CoderPro.Blog.Umb.Art2", "CoderPro.Blog.Umb.Art2\CoderPro.Blog.Umb.Art2.csproj", "{643F1BE7-73CD-473D-8991-876E3A242A40}"
EndProject
Project("{9A19103F-16F7-4668-BE54-9A1E7A4F7556}") = "CoderPro.Blog.Core3.Identity", "CoderPro.Blog.Core3.Identity\CoderPro.Blog.Core3.Identity.csproj", "{E9C7D788-C644-4EA9-8694-70613F6C2197}"
EndProject
Project("{FAE04EC0-301F-11D3-BF4B-00C04F79EFBC}") = "CoderPro.Blog.Umb.Art3", "CoderPro.Blog.Umb.Art3\CoderPro.Blog.Umb.Art3.csproj", "{57B77242-9FE2-4AAE-A772-E3ED61C41410}"
EndProject
Project("{FAE04EC0-301F-11D3-BF4B-00C04F79EFBC}") = "CoderPro.Blog.Umb.Art4", "CoderPro.Blog.Umb.Art4\CoderPro.Blog.Umb.Art4.csproj", "{F38631E8-0CAE-48EF-AE5E-349D99159597}"
EndProject
Project("{888888A0-9F3D-457C-B088-3A5042F75D52}") = "CoderPro.Blog.Python.Mailer", "CoderPro.Blog.Python.Mailer\CoderPro.Blog.Python.Mailer.pyproj", "{B160F56D-33E2-4F54-8C55-B669AF01BC1F}"
EndProject
Global
	GlobalSection(SolutionConfigurationPlatforms) = preSolution
		Debug|Any CPU = Debug|Any CPU
		Release|Any CPU = Release|Any CPU
	EndGlobalSection
	GlobalSection(ProjectConfigurationPlatforms) = postSolution
		{5EA9D56C-78D9-4428-89DB-C86E7C64E96F}.Debug|Any CPU.ActiveCfg = Debug|Any CPU
		{5EA9D56C-78D9-4428-89DB-C86E7C64E96F}.Debug|Any CPU.Build.0 = Debug|Any CPU
		{5EA9D56C-78D9-4428-89DB-C86E7C64E96F}.Release|Any CPU.ActiveCfg = Release|Any CPU
		{5EA9D56C-78D9-4428-89DB-C86E7C64E96F}.Release|Any CPU.Build.0 = Release|Any CPU
		{643F1BE7-73CD-473D-8991-876E3A242A40}.Debug|Any CPU.ActiveCfg = Debug|Any CPU
		{643F1BE7-73CD-473D-8991-876E3A242A40}.Debug|Any CPU.Build.0 = Debug|Any CPU
		{643F1BE7-73CD-473D-8991-876E3A242A40}.Release|Any CPU.ActiveCfg = Release|Any CPU
		{643F1BE7-73CD-473D-8991-876E3A242A40}.Release|Any CPU.Build.0 = Release|Any CPU
		{E9C7D788-C644-4EA9-8694-70613F6C2197}.Debug|Any CPU.ActiveCfg = Debug|Any CPU
		{E9C7D788-C644-4EA9-8694-70613F6C2197}.Debug|Any CPU.Build.0 = Debug|Any CPU
		{E9C7D788-C644-4EA9-8694-70613F6C2197}.Release|Any CPU.ActiveCfg = Release|Any CPU
		{E9C7D788-C644-4EA9-8694-70613F6C2197}.Release|Any CPU.Build.0 = Release|Any CPU
		{57B77242-9FE2-4AAE-A772-E3ED61C41410}.Debug|Any CPU.ActiveCfg = Debug|Any CPU
		{57B77242-9FE2-4AAE-A772-E3ED61C41410}.Debug|Any CPU.Build.0 = Debug|Any CPU
		{57B77242-9FE2-4AAE-A772-E3ED61C41410}.Release|Any CPU.ActiveCfg = Release|Any CPU
		{57B77242-9FE2-4AAE-A772-E3ED61C41410}.Release|Any CPU.Build.0 = Release|Any CPU
		{F38631E8-0CAE-48EF-AE5E-349D99159597}.Debug|Any CPU.ActiveCfg = Debug|Any CPU
		{F38631E8-0CAE-48EF-AE5E-349D99159597}.Debug|Any CPU.Build.0 = Debug|Any CPU
		{F38631E8-0CAE-48EF-AE5E-349D99159597}.Release|Any CPU.ActiveCfg = Release|Any CPU
		{F38631E8-0CAE-48EF-AE5E-349D99159597}.Release|Any CPU.Build.0 = Release|Any CPU
		{B160F56D-33E2-4F54-8C55-B669AF01BC1F}.Debug|Any CPU.ActiveCfg = Debug|Any CPU
		{B160F56D-33E2-4F54-8C55-B669AF01BC1F}.Release|Any CPU.ActiveCfg = Release|Any CPU
	EndGlobalSection
	GlobalSection(SolutionProperties) = preSolution
		HideSolutionNode = FALSE
	EndGlobalSection
	GlobalSection(ExtensibilityGlobals) = postSolution
		SolutionGuid = {2FF89F30-883E-41CD-A19A-A26845A3709F}
	EndGlobalSection
EndGlobal
